
Microsoft Visual Studio Solution File, Format Version 12.00
# Visual Studio Version 16
VisualStudioVersion = 16.0.31005.135
MinimumVisualStudioVersion = 10.0.40219.1
Project("{FAE04EC0-301F-11D3-BF4B-00C04F79EFBC}") = "Bankly", "Bankly\Bankly.csproj", "{B631696A-1259-4CDF-800D-1597465570CF}"
EndProject
Global
	GlobalSection(SolutionConfigurationPlatforms) = preSolution
		Debug|Any CPU = Debug|Any CPU
		Release|Any CPU = Release|Any CPU
	EndGlobalSection
	GlobalSection(ProjectConfigurationPlatforms) = postSolution
		{B631696A-1259-4CDF-800D-1597465570CF}.Debug|Any CPU.ActiveCfg = Debug|Any CPU
		{B631696A-1259-4CDF-800D-1597465570CF}.Debug|Any CPU.Build.0 = Debug|Any CPU
		{B631696A-1259-4CDF-800D-1597465570CF}.Release|Any CPU.ActiveCfg = Release|Any CPU
		{B631696A-1259-4CDF-800D-1597465570CF}.Release|Any CPU.Build.0 = Release|Any CPU
	EndGlobalSection
	GlobalSection(SolutionProperties) = preSolution
		HideSolutionNode = FALSE
	EndGlobalSection
	GlobalSection(ExtensibilityGlobals) = postSolution
		SolutionGuid = {7D7EC0D9-E471-42B2-A296-553A79B5D985}
	EndGlobalSection
EndGlobal
